{
  "name": "@maherama/shared",
  "version": "1.0.0",
  "lockfileVersion": 3,
  "requires": true,
  "packages": {
    "": {
      "name": "@maherama/shared",
      "version": "1.0.0",
      "devDependencies": {
        "@prisma/client": "^6.11.1",
        "typescript": "^5.8.3"
      }
    },
    "node_modules/@prisma/client": {
      "version": "6.11.1",
      "resolved": "https://registry.npmjs.org/@prisma/client/-/client-6.11.1.tgz",
      "integrity": "sha512-5CLFh8QP6KxRm83pJ84jaVCeSVPQr8k0L2SEtOJHwdkS57/VQDcI/wQpGmdyOZi+D9gdNabdo8tj1Uk+w+upsQ==",
      "dev": true,
      "hasInstallScript": true,
      "license": "Apache-2.0",
      "engines": {
        "node": ">=18.18"
      },
      "peerDependencies": {
        "prisma": "*",
        "typescript": ">=5.1.0"
      },
      "peerDependenciesMeta": {
        "prisma": {
          "optional": true
        },
        "typescript": {
          "optional": true
        }
      }
    },
    "node_modules/typescript": {
      "version": "5.8.3",
      "resolved": "https://registry.npmjs.org/typescript/-/typescript-5.8.3.tgz",
      "integrity": "sha512-p1diW6TqL9L07nNxvRMM7hMMw4c5XOo/1ibL4aAIGmSAt9slTE1Xgw5KWuof2uTOvCg9BY7ZRi+GaF+7sfgPeQ==",
      "dev": true,
      "license": "Apache-2.0",
      "bin": {
        "tsc": "bin/tsc",
        "tsserver": "bin/tsserver"
      },
      "engines": {
        "node": ">=14.17"
      }
    }
  }
}
